// !$*UTF8*$!
{
	archiveVersion = 1;
	classes = {
	};
	objectVersion = 50;
	objects = {

/* Begin PBXBuildFile section */
		FB5BCC1A237B685B00439CEF /* main.cpp in Sources */ = {isa = PBXBuildFile; fileRef = FB5BCC19237B685B00439CEF /* main.cpp */; };
		FB6E0C732384DD7700CD285C /* node.cpp in Sources */ = {isa = PBXBuildFile; fileRef = FB6E0C712384DD7700CD285C /* node.cpp */; };
		FB6E0C762386274400CD285C /* interpreter.cpp in Sources */ = {isa = PBXBuildFile; fileRef = FB6E0C742386274400CD285C /* interpreter.cpp */; };
		FB6E0C7923862CE700CD285C /* visitor.cpp in Sources */ = {isa = PBXBuildFile; fileRef = FB6E0C7723862CE700CD285C /* visitor.cpp */; };
		FB6E0C8F239B083500CD285C /* binding.cpp in Sources */ = {isa = PBXBuildFile; fileRef = FB6E0C8D239B083500CD285C /* binding.cpp */; };
/* End PBXBuildFile section */

/* Begin PBXCopyFilesBuildPhase section */
		FB5BCC14237B685B00439CEF /* CopyFiles */ = {
			isa = PBXCopyFilesBuildPhase;
			buildActionMask = 2147483647;
			dstPath = /usr/share/man/man1/;
			dstSubfolderSpec = 0;
			files = (
			);
			runOnlyForDeploymentPostprocessing = 1;
		};
/* End PBXCopyFilesBuildPhase section */

/* Begin PBXFileReference section */
		FB5BCC16237B685B00439CEF /* smurfFinalProject */ = {isa = PBXFileReference; explicitFileType = "compiled.mach-o.executable"; includeInIndex = 0; path = smurfFinalProject; sourceTree = BUILT_PRODUCTS_DIR; };
		FB5BCC19237B685B00439CEF /* main.cpp */ = {isa = PBXFileReference; lastKnownFileType = sourcecode.cpp.cpp; path = main.cpp; sourceTree = "<group>"; };
		FB5BCC21237B68E300439CEF /* README.md */ = {isa = PBXFileReference; fileEncoding = 4; lastKnownFileType = net.daringfireball.markdown; path = README.md; sourceTree = SOURCE_ROOT; };
		FB5BCC3C237C64B600439CEF /* test_cases */ = {isa = PBXFileReference; lastKnownFileType = folder; path = test_cases; sourceTree = SOURCE_ROOT; };
		FB6E0C712384DD7700CD285C /* node.cpp */ = {isa = PBXFileReference; lastKnownFileType = sourcecode.cpp.cpp; path = node.cpp; sourceTree = "<group>"; };
		FB6E0C722384DD7700CD285C /* node.hpp */ = {isa = PBXFileReference; lastKnownFileType = sourcecode.cpp.h; path = node.hpp; sourceTree = "<group>"; };
		FB6E0C742386274400CD285C /* interpreter.cpp */ = {isa = PBXFileReference; lastKnownFileType = sourcecode.cpp.cpp; path = interpreter.cpp; sourceTree = "<group>"; };
		FB6E0C752386274400CD285C /* interpreter.hpp */ = {isa = PBXFileReference; lastKnownFileType = sourcecode.cpp.h; path = interpreter.hpp; sourceTree = "<group>"; };
		FB6E0C7723862CE700CD285C /* visitor.cpp */ = {isa = PBXFileReference; lastKnownFileType = sourcecode.cpp.cpp; path = visitor.cpp; sourceTree = "<group>"; };
		FB6E0C7823862CE700CD285C /* visitor.hpp */ = {isa = PBXFileReference; lastKnownFileType = sourcecode.cpp.h; path = visitor.hpp; sourceTree = "<group>"; };
		FB6E0C7D2396CA9100CD285C /* peglib.h */ = {isa = PBXFileReference; fileEncoding = 4; lastKnownFileType = sourcecode.c.h; path = peglib.h; sourceTree = "<group>"; };
		FB6E0C8D239B083500CD285C /* binding.cpp */ = {isa = PBXFileReference; lastKnownFileType = sourcecode.cpp.cpp; path = binding.cpp; sourceTree = "<group>"; };
		FB6E0C8E239B083500CD285C /* binding.hpp */ = {isa = PBXFileReference; lastKnownFileType = sourcecode.cpp.h; path = binding.hpp; sourceTree = "<group>"; };
/* End PBXFileReference section */

/* Begin PBXFrameworksBuildPhase section */
		FB5BCC13237B685B00439CEF /* Frameworks */ = {
			isa = PBXFrameworksBuildPhase;
			buildActionMask = 2147483647;
			files = (
			);
			runOnlyForDeploymentPostprocessing = 0;
		};
/* End PBXFrameworksBuildPhase section */

/* Begin PBXGroup section */
		FB5BCC0D237B685B00439CEF = {
			isa = PBXGroup;
			children = (
				FB5BCC18237B685B00439CEF /* smurfFinalProject */,
				FB5BCC17237B685B00439CEF /* Products */,
			);
			sourceTree = "<group>";
		};
		FB5BCC17237B685B00439CEF /* Products */ = {
			isa = PBXGroup;
			children = (
				FB5BCC16237B685B00439CEF /* smurfFinalProject */,
			);
			name = Products;
			sourceTree = "<group>";
		};
		FB5BCC18237B685B00439CEF /* smurfFinalProject */ = {
			isa = PBXGroup;
			children = (
				FB5BCC3C237C64B600439CEF /* test_cases */,
				FB5BCC19237B685B00439CEF /* main.cpp */,
				FB6E0C742386274400CD285C /* interpreter.cpp */,
				FB6E0C752386274400CD285C /* interpreter.hpp */,
				FB6E0C7723862CE700CD285C /* visitor.cpp */,
				FB6E0C7823862CE700CD285C /* visitor.hpp */,
				FB6E0C712384DD7700CD285C /* node.cpp */,
				FB6E0C722384DD7700CD285C /* node.hpp */,
				FB6E0C7D2396CA9100CD285C /* peglib.h */,
				FB5BCC21237B68E300439CEF /* README.md */,
				FB6E0C8D239B083500CD285C /* binding.cpp */,
				FB6E0C8E239B083500CD285C /* binding.hpp */,
			);
			path = smurfFinalProject;
			sourceTree = "<group>";
		};
/* End PBXGroup section */

/* Begin PBXNativeTarget section */
		FB5BCC15237B685B00439CEF /* smurfFinalProject */ = {
			isa = PBXNativeTarget;
			buildConfigurationList = FB5BCC1D237B685B00439CEF /* Build configuration list for PBXNativeTarget "smurfFinalProject" */;
			buildPhases = (
				FB5BCC12237B685B00439CEF /* Sources */,
				FB5BCC13237B685B00439CEF /* Frameworks */,
				FB5BCC14237B685B00439CEF /* CopyFiles */,
			);
			buildRules = (
			);
			dependencies = (
			);
			name = smurfFinalProject;
			productName = smurfFinalProject;
			productReference = FB5BCC16237B685B00439CEF /* smurfFinalProject */;
			productType = "com.apple.product-type.tool";
		};
/* End PBXNativeTarget section */

/* Begin PBXProject section */
		FB5BCC0E237B685B00439CEF /* Project object */ = {
			isa = PBXProject;
			attributes = {
				LastUpgradeCheck = 0940;
				ORGANIZATIONNAME = "Alden Shiverick";
				TargetAttributes = {
					FB5BCC15237B685B00439CEF = {
						CreatedOnToolsVersion = 9.4.1;
					};
				};
			};
			buildConfigurationList = FB5BCC11237B685B00439CEF /* Build configuration list for PBXProject "smurfFinalProject" */;
			compatibilityVersion = "Xcode 9.3";
			developmentRegion = en;
			hasScannedForEncodings = 0;
			knownRegions = (
				en,
			);
			mainGroup = FB5BCC0D237B685B00439CEF;
			productRefGroup = FB5BCC17237B685B00439CEF /* Products */;
			projectDirPath = "";
			projectRoot = "";
			targets = (
				FB5BCC15237B685B00439CEF /* smurfFinalProject */,
			);
		};
/* End PBXProject section */

/* Begin PBXSourcesBuildPhase section */
		FB5BCC12237B685B00439CEF /* Sources */ = {
			isa = PBXSourcesBuildPhase;
			buildActionMask = 2147483647;
			files = (
				FB6E0C7923862CE700CD285C /* visitor.cpp in Sources */,
				FB6E0C762386274400CD285C /* interpreter.cpp in Sources */,
				FB6E0C8F239B083500CD285C /* binding.cpp in Sources */,
				FB6E0C732384DD7700CD285C /* node.cpp in Sources */,
				FB5BCC1A237B685B00439CEF /* main.cpp in Sources */,
			);
			runOnlyForDeploymentPostprocessing = 0;
		};
/* End PBXSourcesBuildPhase section */

/* Begin XCBuildConfiguration section */
		FB5BCC1B237B685B00439CEF /* Debug */ = {
			isa = XCBuildConfiguration;
			buildSettings = {
				ALWAYS_SEARCH_USER_PATHS = NO;
				CLANG_ANALYZER_NONNULL = YES;
				CLANG_ANALYZER_NUMBER_OBJECT_CONVERSION = YES_AGGRESSIVE;
				CLANG_CXX_LANGUAGE_STANDARD = "gnu++14";
				CLANG_CXX_LIBRARY = "libc++";
				CLANG_ENABLE_MODULES = YES;
				CLANG_ENABLE_OBJC_ARC = YES;
				CLANG_ENABLE_OBJC_WEAK = YES;
				CLANG_WARN_BLOCK_CAPTURE_AUTORELEASING = YES;
				CLANG_WARN_BOOL_CONVERSION = YES;
				CLANG_WARN_COMMA = YES;
				CLANG_WARN_CONSTANT_CONVERSION = YES;
				CLANG_WARN_DEPRECATED_OBJC_IMPLEMENTATIONS = YES;
				CLANG_WARN_DIRECT_OBJC_ISA_USAGE = YES_ERROR;
				CLANG_WARN_DOCUMENTATION_COMMENTS = YES;
				CLANG_WARN_EMPTY_BODY = YES;
				CLANG_WARN_ENUM_CONVERSION = YES;
				CLANG_WARN_INFINITE_RECURSION = YES;
				CLANG_WARN_INT_CONVERSION = YES;
				CLANG_WARN_NON_LITERAL_NULL_CONVERSION = YES;
				CLANG_WARN_OBJC_IMPLICIT_RETAIN_SELF = YES;
				CLANG_WARN_OBJC_LITERAL_CONVERSION = YES;
				CLANG_WARN_OBJC_ROOT_CLASS = YES_ERROR;
				CLANG_WARN_RANGE_LOOP_ANALYSIS = YES;
				CLANG_WARN_STRICT_PROTOTYPES = YES;
				CLANG_WARN_SUSPICIOUS_MOVE = YES;
				CLANG_WARN_UNGUARDED_AVAILABILITY = YES_AGGRESSIVE;
				CLANG_WARN_UNREACHABLE_CODE = YES;
				CLANG_WARN__DUPLICATE_METHOD_MATCH = YES;
				CODE_SIGN_IDENTITY = "-";
				COPY_PHASE_STRIP = NO;
				DEBUG_INFORMATION_FORMAT = dwarf;
				ENABLE_STRICT_OBJC_MSGSEND = YES;
				ENABLE_TESTABILITY = YES;
				GCC_C_LANGUAGE_STANDARD = gnu11;
				GCC_DYNAMIC_NO_PIC = NO;
				GCC_NO_COMMON_BLOCKS = YES;
				GCC_OPTIMIZATION_LEVEL = 0;
				GCC_PREPROCESSOR_DEFINITIONS = (
					"DEBUG=1",
					"$(inherited)",
				);
				GCC_WARN_64_TO_32_BIT_CONVERSION = YES;
				GCC_WARN_ABOUT_RETURN_TYPE = YES_ERROR;
				GCC_WARN_UNDECLARED_SELECTOR = YES;
				GCC_WARN_UNINITIALIZED_AUTOS = YES_AGGRESSIVE;
				GCC_WARN_UNUSED_FUNCTION = YES;
				GCC_WARN_UNUSED_VARIABLE = YES;
				MACOSX_DEPLOYMENT_TARGET = 10.13;
				MTL_ENABLE_DEBUG_INFO = YES;
				ONLY_ACTIVE_ARCH = YES;
				SDKROOT = macosx;
			};
			name = Debug;
		};
		FB5BCC1C237B685B00439CEF /* Release */ = {
			isa = XCBuildConfiguration;
			buildSettings = {
				ALWAYS_SEARCH_USER_PATHS = NO;
				CLANG_ANALYZER_NONNULL = YES;
				CLANG_ANALYZER_NUMBER_OBJECT_CONVERSION = YES_AGGRESSIVE;
				CLANG_CXX_LANGUAGE_STANDARD = "gnu++14";
				CLANG_CXX_LIBRARY = "libc++";
				CLANG_ENABLE_MODULES = YES;
				CLANG_ENABLE_OBJC_ARC = YES;
				CLANG_ENABLE_OBJC_WEAK = YES;
				CLANG_WARN_BLOCK_CAPTURE_AUTORELEASING = YES;
				CLANG_WARN_BOOL_CONVERSION = YES;
				CLANG_WARN_COMMA = YES;
				CLANG_WARN_CONSTANT_CONVERSION = YES;
				CLANG_WARN_DEPRECATED_OBJC_IMPLEMENTATIONS = YES;
				CLANG_WARN_DIRECT_OBJC_ISA_USAGE = YES_ERROR;
				CLANG_WARN_DOCUMENTATION_COMMENTS = YES;
				CLANG_WARN_EMPTY_BODY = YES;
				CLANG_WARN_ENUM_CONVERSION = YES;
				CLANG_WARN_INFINITE_RECURSION = YES;
				CLANG_WARN_INT_CONVERSION = YES;
				CLANG_WARN_NON_LITERAL_NULL_CONVERSION = YES;
				CLANG_WARN_OBJC_IMPLICIT_RETAIN_SELF = YES;
				CLANG_WARN_OBJC_LITERAL_CONVERSION = YES;
				CLANG_WARN_OBJC_ROOT_CLASS = YES_ERROR;
				CLANG_WARN_RANGE_LOOP_ANALYSIS = YES;
				CLANG_WARN_STRICT_PROTOTYPES = YES;
				CLANG_WARN_SUSPICIOUS_MOVE = YES;
				CLANG_WARN_UNGUARDED_AVAILABILITY = YES_AGGRESSIVE;
				CLANG_WARN_UNREACHABLE_CODE = YES;
				CLANG_WARN__DUPLICATE_METHOD_MATCH = YES;
				CODE_SIGN_IDENTITY = "-";
				COPY_PHASE_STRIP = NO;
				DEBUG_INFORMATION_FORMAT = "dwarf-with-dsym";
				ENABLE_NS_ASSERTIONS = NO;
				ENABLE_STRICT_OBJC_MSGSEND = YES;
				GCC_C_LANGUAGE_STANDARD = gnu11;
				GCC_NO_COMMON_BLOCKS = YES;
				GCC_WARN_64_TO_32_BIT_CONVERSION = YES;
				GCC_WARN_ABOUT_RETURN_TYPE = YES_ERROR;
				GCC_WARN_UNDECLARED_SELECTOR = YES;
				GCC_WARN_UNINITIALIZED_AUTOS = YES_AGGRESSIVE;
				GCC_WARN_UNUSED_FUNCTION = YES;
				GCC_WARN_UNUSED_VARIABLE = YES;
				MACOSX_DEPLOYMENT_TARGET = 10.13;
				MTL_ENABLE_DEBUG_INFO = NO;
				SDKROOT = macosx;
			};
			name = Release;
		};
		FB5BCC1E237B685B00439CEF /* Debug */ = {
			isa = XCBuildConfiguration;
			buildSettings = {
				CODE_SIGN_STYLE = Automatic;
				PRODUCT_NAME = "$(TARGET_NAME)";
			};
			name = Debug;
		};
		FB5BCC1F237B685B00439CEF /* Release */ = {
			isa = XCBuildConfiguration;
			buildSettings = {
				CODE_SIGN_STYLE = Automatic;
				PRODUCT_NAME = "$(TARGET_NAME)";
			};
			name = Release;
		};
/* End XCBuildConfiguration section */

/* Begin XCConfigurationList section */
		FB5BCC11237B685B00439CEF /* Build configuration list for PBXProject "smurfFinalProject" */ = {
			isa = XCConfigurationList;
			buildConfigurations = (
				FB5BCC1B237B685B00439CEF /* Debug */,
				FB5BCC1C237B685B00439CEF /* Release */,
			);
			defaultConfigurationIsVisible = 0;
			defaultConfigurationName = Release;
		};
		FB5BCC1D237B685B00439CEF /* Build configuration list for PBXNativeTarget "smurfFinalProject" */ = {
			isa = XCConfigurationList;
			buildConfigurations = (
				FB5BCC1E237B685B00439CEF /* Debug */,
				FB5BCC1F237B685B00439CEF /* Release */,
			);
			defaultConfigurationIsVisible = 0;
			defaultConfigurationName = Release;
		};
/* End XCConfigurationList section */
	};
	rootObject = FB5BCC0E237B685B00439CEF /* Project object */;
}
